
Microsoft Visual Studio Solution File, Format Version 12.00
# Visual Studio Version 17
VisualStudioVersion = 17.9.34902.65
MinimumVisualStudioVersion = 10.0.40219.1
Project("{FAE04EC0-301F-11D3-BF4B-00C04F79EFBC}") = "SmartSchool.WebAPI.V6", "SmartSchool.WebAPI.V6\SmartSchool.WebAPI.V6.csproj", "{B83BB8CB-FC43-44E2-8924-6DA24BE9584E}"
EndProject
Global
	GlobalSection(SolutionConfigurationPlatforms) = preSolution
		Debug|Any CPU = Debug|Any CPU
		Release|Any CPU = Release|Any CPU
	EndGlobalSection
	GlobalSection(ProjectConfigurationPlatforms) = postSolution
		{B83BB8CB-FC43-44E2-8924-6DA24BE9584E}.Debug|Any CPU.ActiveCfg = Debug|Any CPU
		{B83BB8CB-FC43-44E2-8924-6DA24BE9584E}.Debug|Any CPU.Build.0 = Debug|Any CPU
		{B83BB8CB-FC43-44E2-8924-6DA24BE9584E}.Release|Any CPU.ActiveCfg = Release|Any CPU
		{B83BB8CB-FC43-44E2-8924-6DA24BE9584E}.Release|Any CPU.Build.0 = Release|Any CPU
	EndGlobalSection
	GlobalSection(SolutionProperties) = preSolution
		HideSolutionNode = FALSE
	EndGlobalSection
	GlobalSection(ExtensibilityGlobals) = postSolution
		SolutionGuid = {06B21836-C5FB-469F-8D59-A8AE5D931FC6}
	EndGlobalSection
EndGlobal
